<?xml version="1.0" encoding="utf-8"?>
<Project ToolsVersion="4.0" xmlns="http://schemas.microsoft.com/developer/msbuild/2003">
  <ItemGroup>
    <Filter Include="PDL">
      <UniqueIdentifier>{937651bf-f248-4248-8d7f-2ae595b7571e}</UniqueIdentifier>
    </Filter>
    <Filter Include="PDL\List">
      <UniqueIdentifier>{2c363053-093f-4f62-adee-d3aec313dae5}</UniqueIdentifier>
    </Filter>
    <Filter Include="PDL\Core">
      <UniqueIdentifier>{b5ae6232-74df-43f8-9d6a-616a4f0b5d1b}</UniqueIdentifier>
    </Filter>
    <Filter Include="PDL\Core\Memory">
      <UniqueIdentifier>{3e033a80-a389-46b4-9c12-ef594419e9fa}</UniqueIdentifier>
    </Filter>
    <Filter Include="PDL\Core\IO">
      <UniqueIdentifier>{a9db08e3-1ad3-476f-87b5-ee2c1e3526fa}</UniqueIdentifier>
    </Filter>
    <Filter Include="PDL\Core\Debug">
      <UniqueIdentifier>{a216871e-31ba-4357-ac1d-0de6f9aba098}</UniqueIdentifier>
    </Filter>
    <Filter Include="PDL\Media">
      <UniqueIdentifier>{6bde2aa4-fde7-4b2f-b78f-459bb9c7feb6}</UniqueIdentifier>
    </Filter>
  </ItemGroup>
  <ItemGroup>
    <ClCompile Include="Serialize.cpp">
      <Filter>PDL\Core\IO</Filter>
    </ClCompile>
    <ClCompile Include="Image.cpp">
      <Filter>PDL\Media</Filter>
    </ClCompile>
    <ClCompile Include="ImageFactory.cpp">
      <Filter>PDL\Media</Filter>
    </ClCompile>
  </ItemGroup>
  <ItemGroup>
    <ClInclude Include="Serialize.h">
      <Filter>PDL\Core\IO</Filter>
    </ClInclude>
    <ClInclude Include="Serializable.h">
      <Filter>PDL\Core\IO</Filter>
    </ClInclude>
    <ClInclude Include="Ptr.h">
      <Filter>PDL\Core\Memory</Filter>
    </ClInclude>
    <ClInclude Include="ArrayList.h">
      <Filter>PDL\List</Filter>
    </ClInclude>
    <ClInclude Include="List.h">
      <Filter>PDL\List</Filter>
    </ClInclude>
    <ClInclude Include="ListNode.h">
      <Filter>PDL\List</Filter>
    </ClInclude>
    <ClInclude Include="Debug.h">
      <Filter>PDL\Core\Debug</Filter>
    </ClInclude>
    <ClInclude Include="Exception.h">
      <Filter>PDL\Core\Debug</Filter>
    </ClInclude>
    <ClInclude Include="Image.h">
      <Filter>PDL\Media</Filter>
    </ClInclude>
    <ClInclude Include="ImageFactory.h">
      <Filter>PDL\Media</Filter>
    </ClInclude>
    <ClInclude Include="PDCore.h">
      <Filter>PDL</Filter>
    </ClInclude>
    <ClInclude Include="Ptr.hpp">
      <Filter>PDL\Core\Memory</Filter>
    </ClInclude>
    <ClInclude Include="MemoryPool.h">
      <Filter>PDL\Core\Memory</Filter>
    </ClInclude>
    <ClInclude Include="ListNode.hpp">
      <Filter>PDL\List</Filter>
    </ClInclude>
    <ClInclude Include="List.hpp">
      <Filter>PDL\List</Filter>
    </ClInclude>
  </ItemGroup>
</Project>